
Microsoft Visual Studio Solution File, Format Version 12.00
# Visual Studio Version 16
VisualStudioVersion = 16.0.29728.190
MinimumVisualStudioVersion = 10.0.40219.1
Project("{9A19103F-16F7-4668-BE54-9A1E7A4F7556}") = "IogServices", "IogServices\IogServices.csproj", "{D37B39B5-3182-45F0-B1D6-2513DD3704A8}"
EndProject
Project("{FAE04EC0-301F-11D3-BF4B-00C04F79EFBC}") = "TesteMiddleware_SMI_Eletra", "TesteMiddleware_SMI_Eletra\TesteMiddleware_SMI_Eletra.csproj", "{C272FF12-D742-40FF-B1E4-888C3583675D}"
EndProject
Global
	GlobalSection(SolutionConfigurationPlatforms) = preSolution
		Debug|Any CPU = Debug|Any CPU
		Release|Any CPU = Release|Any CPU
	EndGlobalSection
	GlobalSection(ProjectConfigurationPlatforms) = postSolution
		{D37B39B5-3182-45F0-B1D6-2513DD3704A8}.Debug|Any CPU.ActiveCfg = Debug|Any CPU
		{D37B39B5-3182-45F0-B1D6-2513DD3704A8}.Debug|Any CPU.Build.0 = Debug|Any CPU
		{D37B39B5-3182-45F0-B1D6-2513DD3704A8}.Release|Any CPU.ActiveCfg = Release|Any CPU
		{D37B39B5-3182-45F0-B1D6-2513DD3704A8}.Release|Any CPU.Build.0 = Release|Any CPU
		{C272FF12-D742-40FF-B1E4-888C3583675D}.Debug|Any CPU.ActiveCfg = Debug|Any CPU
		{C272FF12-D742-40FF-B1E4-888C3583675D}.Debug|Any CPU.Build.0 = Debug|Any CPU
		{C272FF12-D742-40FF-B1E4-888C3583675D}.Release|Any CPU.ActiveCfg = Release|Any CPU
		{C272FF12-D742-40FF-B1E4-888C3583675D}.Release|Any CPU.Build.0 = Release|Any CPU
	EndGlobalSection
	GlobalSection(SolutionProperties) = preSolution
		HideSolutionNode = FALSE
	EndGlobalSection
	GlobalSection(ExtensibilityGlobals) = postSolution
		SolutionGuid = {CBC622C5-93F0-4ABC-A018-D68B328442EA}
	EndGlobalSection
EndGlobal
